
Microsoft Visual Studio Solution File, Format Version 12.00
# Visual Studio Version 16
VisualStudioVersion = 16.0.29009.5
MinimumVisualStudioVersion = 10.0.40219.1
Project("{9A19103F-16F7-4668-BE54-9A1E7A4F7556}") = "TheFipster.Munchkin.Api", "src\TheFipster.Munchkin.Api\TheFipster.Munchkin.Api.csproj", "{A4799B9E-741A-4C35-B5E2-546182AA8B1A}"
EndProject
Project("{9A19103F-16F7-4668-BE54-9A1E7A4F7556}") = "TheFipster.Munchkin.Api.UnitTest", "src\TheFipster.Munchkin.Api.UnitTest\TheFipster.Munchkin.Api.UnitTest.csproj", "{F8075974-55AF-47A2-A9D4-C751A94E3D6E}"
EndProject
Project("{9A19103F-16F7-4668-BE54-9A1E7A4F7556}") = "TheFipster.Munchkin.GameDomain.UnitTest", "src\TheFipster.Munchkin.GameEngine.UnitTest\TheFipster.Munchkin.GameDomain.UnitTest.csproj", "{EF42658E-E513-4C90-B1A6-EAA976EFE810}"
EndProject
Project("{9A19103F-16F7-4668-BE54-9A1E7A4F7556}") = "TheFipster.Munchkin.LiteStorage", "src\TheFipster.Munchkin.LiteStorage\TheFipster.Munchkin.LiteStorage.csproj", "{E581D781-2418-4926-8AB1-3737F82699FA}"
EndProject
Project("{9A19103F-16F7-4668-BE54-9A1E7A4F7556}") = "TheFipster.Munchkin.Persistance", "src\TheFipster.Munchkin.Persistance\TheFipster.Munchkin.Persistance.csproj", "{BB920407-D470-44A3-A152-DBAFF18F61F9}"
EndProject
Project("{9A19103F-16F7-4668-BE54-9A1E7A4F7556}") = "TheFipster.Munchkin.GameDomain", "src\TheFipster.Munchkin.GameDomain\TheFipster.Munchkin.GameDomain.csproj", "{D462C383-28D2-4818-9B81-C5C85BC44EFE}"
EndProject
Project("{FAE04EC0-301F-11D3-BF4B-00C04F79EFBC}") = "TheFipster.Munchkin.GameEngine", "TheFipster.Munchkin.GameEngine\TheFipster.Munchkin.GameEngine.csproj", "{871018DA-F647-433B-BE07-B4C251E51087}"
EndProject
Global
	GlobalSection(SolutionConfigurationPlatforms) = preSolution
		Debug|Any CPU = Debug|Any CPU
		Release|Any CPU = Release|Any CPU
	EndGlobalSection
	GlobalSection(ProjectConfigurationPlatforms) = postSolution
		{A4799B9E-741A-4C35-B5E2-546182AA8B1A}.Debug|Any CPU.ActiveCfg = Debug|Any CPU
		{A4799B9E-741A-4C35-B5E2-546182AA8B1A}.Debug|Any CPU.Build.0 = Debug|Any CPU
		{A4799B9E-741A-4C35-B5E2-546182AA8B1A}.Release|Any CPU.ActiveCfg = Release|Any CPU
		{A4799B9E-741A-4C35-B5E2-546182AA8B1A}.Release|Any CPU.Build.0 = Release|Any CPU
		{F8075974-55AF-47A2-A9D4-C751A94E3D6E}.Debug|Any CPU.ActiveCfg = Debug|Any CPU
		{F8075974-55AF-47A2-A9D4-C751A94E3D6E}.Debug|Any CPU.Build.0 = Debug|Any CPU
		{F8075974-55AF-47A2-A9D4-C751A94E3D6E}.Release|Any CPU.ActiveCfg = Release|Any CPU
		{F8075974-55AF-47A2-A9D4-C751A94E3D6E}.Release|Any CPU.Build.0 = Release|Any CPU
		{EF42658E-E513-4C90-B1A6-EAA976EFE810}.Debug|Any CPU.ActiveCfg = Debug|Any CPU
		{EF42658E-E513-4C90-B1A6-EAA976EFE810}.Debug|Any CPU.Build.0 = Debug|Any CPU
		{EF42658E-E513-4C90-B1A6-EAA976EFE810}.Release|Any CPU.ActiveCfg = Release|Any CPU
		{EF42658E-E513-4C90-B1A6-EAA976EFE810}.Release|Any CPU.Build.0 = Release|Any CPU
		{E581D781-2418-4926-8AB1-3737F82699FA}.Debug|Any CPU.ActiveCfg = Debug|Any CPU
		{E581D781-2418-4926-8AB1-3737F82699FA}.Debug|Any CPU.Build.0 = Debug|Any CPU
		{E581D781-2418-4926-8AB1-3737F82699FA}.Release|Any CPU.ActiveCfg = Release|Any CPU
		{E581D781-2418-4926-8AB1-3737F82699FA}.Release|Any CPU.Build.0 = Release|Any CPU
		{BB920407-D470-44A3-A152-DBAFF18F61F9}.Debug|Any CPU.ActiveCfg = Debug|Any CPU
		{BB920407-D470-44A3-A152-DBAFF18F61F9}.Debug|Any CPU.Build.0 = Debug|Any CPU
		{BB920407-D470-44A3-A152-DBAFF18F61F9}.Release|Any CPU.ActiveCfg = Release|Any CPU
		{BB920407-D470-44A3-A152-DBAFF18F61F9}.Release|Any CPU.Build.0 = Release|Any CPU
		{D462C383-28D2-4818-9B81-C5C85BC44EFE}.Debug|Any CPU.ActiveCfg = Debug|Any CPU
		{D462C383-28D2-4818-9B81-C5C85BC44EFE}.Debug|Any CPU.Build.0 = Debug|Any CPU
		{D462C383-28D2-4818-9B81-C5C85BC44EFE}.Release|Any CPU.ActiveCfg = Release|Any CPU
		{D462C383-28D2-4818-9B81-C5C85BC44EFE}.Release|Any CPU.Build.0 = Release|Any CPU
		{871018DA-F647-433B-BE07-B4C251E51087}.Debug|Any CPU.ActiveCfg = Debug|Any CPU
		{871018DA-F647-433B-BE07-B4C251E51087}.Debug|Any CPU.Build.0 = Debug|Any CPU
		{871018DA-F647-433B-BE07-B4C251E51087}.Release|Any CPU.ActiveCfg = Release|Any CPU
		{871018DA-F647-433B-BE07-B4C251E51087}.Release|Any CPU.Build.0 = Release|Any CPU
	EndGlobalSection
	GlobalSection(SolutionProperties) = preSolution
		HideSolutionNode = FALSE
	EndGlobalSection
	GlobalSection(ExtensibilityGlobals) = postSolution
		SolutionGuid = {9203B64F-6919-4E2C-B4B4-0752AFCC63EB}
	EndGlobalSection
EndGlobal
